// !$*UTF8*$!
{
	archiveVersion = 1;
	classes = {
	};
	objectVersion = 56;
	objects = {

/* Begin PBXBuildFile section */
		6755FE432AE69E9200C5E0FD /* AppDelegate.swift in Sources */ = {isa = PBXBuildFile; fileRef = 6755FE422AE69E9200C5E0FD /* AppDelegate.swift */; };
		6755FE452AE69E9200C5E0FD /* SceneDelegate.swift in Sources */ = {isa = PBXBuildFile; fileRef = 6755FE442AE69E9200C5E0FD /* SceneDelegate.swift */; };
		6755FE472AE69E9200C5E0FD /* ViewController.swift in Sources */ = {isa = PBXBuildFile; fileRef = 6755FE462AE69E9200C5E0FD /* ViewController.swift */; };
		6755FE4A2AE69E9200C5E0FD /* Main.storyboard in Resources */ = {isa = PBXBuildFile; fileRef = 6755FE482AE69E9200C5E0FD /* Main.storyboard */; };
		6755FE4C2AE69E9500C5E0FD /* Assets.xcassets in Resources */ = {isa = PBXBuildFile; fileRef = 6755FE4B2AE69E9500C5E0FD /* Assets.xcassets */; };
		6755FE4F2AE69E9500C5E0FD /* LaunchScreen.storyboard in Resources */ = {isa = PBXBuildFile; fileRef = 6755FE4D2AE69E9500C5E0FD /* LaunchScreen.storyboard */; };
		6755FE5A2AE69E9500C5E0FD /* Codigo_TestTests.swift in Sources */ = {isa = PBXBuildFile; fileRef = 6755FE592AE69E9500C5E0FD /* Codigo_TestTests.swift */; };
		6755FE642AE69E9500C5E0FD /* Codigo_TestUITests.swift in Sources */ = {isa = PBXBuildFile; fileRef = 6755FE632AE69E9500C5E0FD /* Codigo_TestUITests.swift */; };
		6755FE662AE69E9500C5E0FD /* Codigo_TestUITestsLaunchTests.swift in Sources */ = {isa = PBXBuildFile; fileRef = 6755FE652AE69E9500C5E0FD /* Codigo_TestUITestsLaunchTests.swift */; };
/* End PBXBuildFile section */

/* Begin PBXContainerItemProxy section */
		6755FE562AE69E9500C5E0FD /* PBXContainerItemProxy */ = {
			isa = PBXContainerItemProxy;
			containerPortal = 6755FE372AE69E9200C5E0FD /* Project object */;
			proxyType = 1;
			remoteGlobalIDString = 6755FE3E2AE69E9200C5E0FD;
			remoteInfo = Codigo_Test;
		};
		6755FE602AE69E9500C5E0FD /* PBXContainerItemProxy */ = {
			isa = PBXContainerItemProxy;
			containerPortal = 6755FE372AE69E9200C5E0FD /* Project object */;
			proxyType = 1;
			remoteGlobalIDString = 6755FE3E2AE69E9200C5E0FD;
			remoteInfo = Codigo_Test;
		};
/* End PBXContainerItemProxy section */

/* Begin PBXFileReference section */
		6755FE3F2AE69E9200C5E0FD /* Codigo_Test.app */ = {isa = PBXFileReference; explicitFileType = wrapper.application; includeInIndex = 0; path = Codigo_Test.app; sourceTree = BUILT_PRODUCTS_DIR; };
		6755FE422AE69E9200C5E0FD /* AppDelegate.swift */ = {isa = PBXFileReference; lastKnownFileType = sourcecode.swift; path = AppDelegate.swift; sourceTree = "<group>"; };
		6755FE442AE69E9200C5E0FD /* SceneDelegate.swift */ = {isa = PBXFileReference; lastKnownFileType = sourcecode.swift; path = SceneDelegate.swift; sourceTree = "<group>"; };
		6755FE462AE69E9200C5E0FD /* ViewController.swift */ = {isa = PBXFileReference; lastKnownFileType = sourcecode.swift; path = ViewController.swift; sourceTree = "<group>"; };
		6755FE492AE69E9200C5E0FD /* Base */ = {isa = PBXFileReference; lastKnownFileType = file.storyboard; name = Base; path = Base.lproj/Main.storyboard; sourceTree = "<group>"; };
		6755FE4B2AE69E9500C5E0FD /* Assets.xcassets */ = {isa = PBXFileReference; lastKnownFileType = folder.assetcatalog; path = Assets.xcassets; sourceTree = "<group>"; };
		6755FE4E2AE69E9500C5E0FD /* Base */ = {isa = PBXFileReference; lastKnownFileType = file.storyboard; name = Base; path = Base.lproj/LaunchScreen.storyboard; sourceTree = "<group>"; };
		6755FE502AE69E9500C5E0FD /* Info.plist */ = {isa = PBXFileReference; lastKnownFileType = text.plist.xml; path = Info.plist; sourceTree = "<group>"; };
		6755FE552AE69E9500C5E0FD /* Codigo_TestTests.xctest */ = {isa = PBXFileReference; explicitFileType = wrapper.cfbundle; includeInIndex = 0; path = Codigo_TestTests.xctest; sourceTree = BUILT_PRODUCTS_DIR; };
		6755FE592AE69E9500C5E0FD /* Codigo_TestTests.swift */ = {isa = PBXFileReference; lastKnownFileType = sourcecode.swift; path = Codigo_TestTests.swift; sourceTree = "<group>"; };
		6755FE5F2AE69E9500C5E0FD /* Codigo_TestUITests.xctest */ = {isa = PBXFileReference; explicitFileType = wrapper.cfbundle; includeInIndex = 0; path = Codigo_TestUITests.xctest; sourceTree = BUILT_PRODUCTS_DIR; };
		6755FE632AE69E9500C5E0FD /* Codigo_TestUITests.swift */ = {isa = PBXFileReference; lastKnownFileType = sourcecode.swift; path = Codigo_TestUITests.swift; sourceTree = "<group>"; };
		6755FE652AE69E9500C5E0FD /* Codigo_TestUITestsLaunchTests.swift */ = {isa = PBXFileReference; lastKnownFileType = sourcecode.swift; path = Codigo_TestUITestsLaunchTests.swift; sourceTree = "<group>"; };
/* End PBXFileReference section */

/* Begin PBXFrameworksBuildPhase section */
		6755FE3C2AE69E9200C5E0FD /* Frameworks */ = {
			isa = PBXFrameworksBuildPhase;
			buildActionMask = 2147483647;
			files = (
			);
			runOnlyForDeploymentPostprocessing = 0;
		};
		6755FE522AE69E9500C5E0FD /* Frameworks */ = {
			isa = PBXFrameworksBuildPhase;
			buildActionMask = 2147483647;
			files = (
			);
			runOnlyForDeploymentPostprocessing = 0;
		};
		6755FE5C2AE69E9500C5E0FD /* Frameworks */ = {
			isa = PBXFrameworksBuildPhase;
			buildActionMask = 2147483647;
			files = (
			);
			runOnlyForDeploymentPostprocessing = 0;
		};
/* End PBXFrameworksBuildPhase section */

/* Begin PBXGroup section */
		6755FE362AE69E9200C5E0FD = {
			isa = PBXGroup;
			children = (
				6755FE412AE69E9200C5E0FD /* Codigo_Test */,
				6755FE582AE69E9500C5E0FD /* Codigo_TestTests */,
				6755FE622AE69E9500C5E0FD /* Codigo_TestUITests */,
				6755FE402AE69E9200C5E0FD /* Products */,
			);
			sourceTree = "<group>";
		};
		6755FE402AE69E9200C5E0FD /* Products */ = {
			isa = PBXGroup;
			children = (
				6755FE3F2AE69E9200C5E0FD /* Codigo_Test.app */,
				6755FE552AE69E9500C5E0FD /* Codigo_TestTests.xctest */,
				6755FE5F2AE69E9500C5E0FD /* Codigo_TestUITests.xctest */,
			);
			name = Products;
			sourceTree = "<group>";
		};
		6755FE412AE69E9200C5E0FD /* Codigo_Test */ = {
			isa = PBXGroup;
			children = (
				6755FE422AE69E9200C5E0FD /* AppDelegate.swift */,
				6755FE442AE69E9200C5E0FD /* SceneDelegate.swift */,
				6755FE462AE69E9200C5E0FD /* ViewController.swift */,
				6755FE482AE69E9200C5E0FD /* Main.storyboard */,
				6755FE4B2AE69E9500C5E0FD /* Assets.xcassets */,
				6755FE4D2AE69E9500C5E0FD /* LaunchScreen.storyboard */,
				6755FE502AE69E9500C5E0FD /* Info.plist */,
			);
			path = Codigo_Test;
			sourceTree = "<group>";
		};
		6755FE582AE69E9500C5E0FD /* Codigo_TestTests */ = {
			isa = PBXGroup;
			children = (
				6755FE592AE69E9500C5E0FD /* Codigo_TestTests.swift */,
			);
			path = Codigo_TestTests;
			sourceTree = "<group>";
		};
		6755FE622AE69E9500C5E0FD /* Codigo_TestUITests */ = {
			isa = PBXGroup;
			children = (
				6755FE632AE69E9500C5E0FD /* Codigo_TestUITests.swift */,
				6755FE652AE69E9500C5E0FD /* Codigo_TestUITestsLaunchTests.swift */,
			);
			path = Codigo_TestUITests;
			sourceTree = "<group>";
		};
/* End PBXGroup section */

/* Begin PBXNativeTarget section */
		6755FE3E2AE69E9200C5E0FD /* Codigo_Test */ = {
			isa = PBXNativeTarget;
			buildConfigurationList = 6755FE692AE69E9500C5E0FD /* Build configuration list for PBXNativeTarget "Codigo_Test" */;
			buildPhases = (
				6755FE3B2AE69E9200C5E0FD /* Sources */,
				6755FE3C2AE69E9200C5E0FD /* Frameworks */,
				6755FE3D2AE69E9200C5E0FD /* Resources */,
			);
			buildRules = (
			);
			dependencies = (
			);
			name = Codigo_Test;
			productName = Codigo_Test;
			productReference = 6755FE3F2AE69E9200C5E0FD /* Codigo_Test.app */;
			productType = "com.apple.product-type.application";
		};
		6755FE542AE69E9500C5E0FD /* Codigo_TestTests */ = {
			isa = PBXNativeTarget;
			buildConfigurationList = 6755FE6C2AE69E9500C5E0FD /* Build configuration list for PBXNativeTarget "Codigo_TestTests" */;
			buildPhases = (
				6755FE512AE69E9500C5E0FD /* Sources */,
				6755FE522AE69E9500C5E0FD /* Frameworks */,
				6755FE532AE69E9500C5E0FD /* Resources */,
			);
			buildRules = (
			);
			dependencies = (
				6755FE572AE69E9500C5E0FD /* PBXTargetDependency */,
			);
			name = Codigo_TestTests;
			productName = Codigo_TestTests;
			productReference = 6755FE552AE69E9500C5E0FD /* Codigo_TestTests.xctest */;
			productType = "com.apple.product-type.bundle.unit-test";
		};
		6755FE5E2AE69E9500C5E0FD /* Codigo_TestUITests */ = {
			isa = PBXNativeTarget;
			buildConfigurationList = 6755FE6F2AE69E9500C5E0FD /* Build configuration list for PBXNativeTarget "Codigo_TestUITests" */;
			buildPhases = (
				6755FE5B2AE69E9500C5E0FD /* Sources */,
				6755FE5C2AE69E9500C5E0FD /* Frameworks */,
				6755FE5D2AE69E9500C5E0FD /* Resources */,
			);
			buildRules = (
			);
			dependencies = (
				6755FE612AE69E9500C5E0FD /* PBXTargetDependency */,
			);
			name = Codigo_TestUITests;
			productName = Codigo_TestUITests;
			productReference = 6755FE5F2AE69E9500C5E0FD /* Codigo_TestUITests.xctest */;
			productType = "com.apple.product-type.bundle.ui-testing";
		};
/* End PBXNativeTarget section */

/* Begin PBXProject section */
		6755FE372AE69E9200C5E0FD /* Project object */ = {
			isa = PBXProject;
			attributes = {
				BuildIndependentTargetsInParallel = 1;
				LastSwiftUpdateCheck = 1500;
				LastUpgradeCheck = 1500;
				TargetAttributes = {
					6755FE3E2AE69E9200C5E0FD = {
						CreatedOnToolsVersion = 15.0;
					};
					6755FE542AE69E9500C5E0FD = {
						CreatedOnToolsVersion = 15.0;
						TestTargetID = 6755FE3E2AE69E9200C5E0FD;
					};
					6755FE5E2AE69E9500C5E0FD = {
						CreatedOnToolsVersion = 15.0;
						TestTargetID = 6755FE3E2AE69E9200C5E0FD;
					};
				};
			};
			buildConfigurationList = 6755FE3A2AE69E9200C5E0FD /* Build configuration list for PBXProject "Codigo_Test" */;
			compatibilityVersion = "Xcode 14.0";
			developmentRegion = en;
			hasScannedForEncodings = 0;
			knownRegions = (
				en,
				Base,
			);
			mainGroup = 6755FE362AE69E9200C5E0FD;
			productRefGroup = 6755FE402AE69E9200C5E0FD /* Products */;
			projectDirPath = "";
			projectRoot = "";
			targets = (
				6755FE3E2AE69E9200C5E0FD /* Codigo_Test */,
				6755FE542AE69E9500C5E0FD /* Codigo_TestTests */,
				6755FE5E2AE69E9500C5E0FD /* Codigo_TestUITests */,
			);
		};
/* End PBXProject section */

/* Begin PBXResourcesBuildPhase section */
		6755FE3D2AE69E9200C5E0FD /* Resources */ = {
			isa = PBXResourcesBuildPhase;
			buildActionMask = 2147483647;
			files = (
				6755FE4F2AE69E9500C5E0FD /* LaunchScreen.storyboard in Resources */,
				6755FE4C2AE69E9500C5E0FD /* Assets.xcassets in Resources */,
				6755FE4A2AE69E9200C5E0FD /* Main.storyboard in Resources */,
			);
			runOnlyForDeploymentPostprocessing = 0;
		};
		6755FE532AE69E9500C5E0FD /* Resources */ = {
			isa = PBXResourcesBuildPhase;
			buildActionMask = 2147483647;
			files = (
			);
			runOnlyForDeploymentPostprocessing = 0;
		};
		6755FE5D2AE69E9500C5E0FD /* Resources */ = {
			isa = PBXResourcesBuildPhase;
			buildActionMask = 2147483647;
			files = (
			);
			runOnlyForDeploymentPostprocessing = 0;
		};
/* End PBXResourcesBuildPhase section */

/* Begin PBXSourcesBuildPhase section */
		6755FE3B2AE69E9200C5E0FD /* Sources */ = {
			isa = PBXSourcesBuildPhase;
			buildActionMask = 2147483647;
			files = (
				6755FE472AE69E9200C5E0FD /* ViewController.swift in Sources */,
				6755FE432AE69E9200C5E0FD /* AppDelegate.swift in Sources */,
				6755FE452AE69E9200C5E0FD /* SceneDelegate.swift in Sources */,
			);
			runOnlyForDeploymentPostprocessing = 0;
		};
		6755FE512AE69E9500C5E0FD /* Sources */ = {
			isa = PBXSourcesBuildPhase;
			buildActionMask = 2147483647;
			files = (
				6755FE5A2AE69E9500C5E0FD /* Codigo_TestTests.swift in Sources */,
			);
			runOnlyForDeploymentPostprocessing = 0;
		};
		6755FE5B2AE69E9500C5E0FD /* Sources */ = {
			isa = PBXSourcesBuildPhase;
			buildActionMask = 2147483647;
			files = (
				6755FE642AE69E9500C5E0FD /* Codigo_TestUITests.swift in Sources */,
				6755FE662AE69E9500C5E0FD /* Codigo_TestUITestsLaunchTests.swift in Sources */,
			);
			runOnlyForDeploymentPostprocessing = 0;
		};
/* End PBXSourcesBuildPhase section */

/* Begin PBXTargetDependency section */
		6755FE572AE69E9500C5E0FD /* PBXTargetDependency */ = {
			isa = PBXTargetDependency;
			target = 6755FE3E2AE69E9200C5E0FD /* Codigo_Test */;
			targetProxy = 6755FE562AE69E9500C5E0FD /* PBXContainerItemProxy */;
		};
		6755FE612AE69E9500C5E0FD /* PBXTargetDependency */ = {
			isa = PBXTargetDependency;
			target = 6755FE3E2AE69E9200C5E0FD /* Codigo_Test */;
			targetProxy = 6755FE602AE69E9500C5E0FD /* PBXContainerItemProxy */;
		};
/* End PBXTargetDependency section */

/* Begin PBXVariantGroup section */
		6755FE482AE69E9200C5E0FD /* Main.storyboard */ = {
			isa = PBXVariantGroup;
			children = (
				6755FE492AE69E9200C5E0FD /* Base */,
			);
			name = Main.storyboard;
			sourceTree = "<group>";
		};
		6755FE4D2AE69E9500C5E0FD /* LaunchScreen.storyboard */ = {
			isa = PBXVariantGroup;
			children = (
				6755FE4E2AE69E9500C5E0FD /* Base */,
			);
			name = LaunchScreen.storyboard;
			sourceTree = "<group>";
		};
/* End PBXVariantGroup section */

/* Begin XCBuildConfiguration section */
		6755FE672AE69E9500C5E0FD /* Debug */ = {
			isa = XCBuildConfiguration;
			buildSettings = {
				ALWAYS_SEARCH_USER_PATHS = NO;
				ASSETCATALOG_COMPILER_GENERATE_SWIFT_ASSET_SYMBOL_EXTENSIONS = YES;
				CLANG_ANALYZER_NONNULL = YES;
				CLANG_ANALYZER_NUMBER_OBJECT_CONVERSION = YES_AGGRESSIVE;
				CLANG_CXX_LANGUAGE_STANDARD = "gnu++20";
				CLANG_ENABLE_MODULES = YES;
				CLANG_ENABLE_OBJC_ARC = YES;
				CLANG_ENABLE_OBJC_WEAK = YES;
				CLANG_WARN_BLOCK_CAPTURE_AUTORELEASING = YES;
				CLANG_WARN_BOOL_CONVERSION = YES;
				CLANG_WARN_COMMA = YES;
				CLANG_WARN_CONSTANT_CONVERSION = YES;
				CLANG_WARN_DEPRECATED_OBJC_IMPLEMENTATIONS = YES;
				CLANG_WARN_DIRECT_OBJC_ISA_USAGE = YES_ERROR;
				CLANG_WARN_DOCUMENTATION_COMMENTS = YES;
				CLANG_WARN_EMPTY_BODY = YES;
				CLANG_WARN_ENUM_CONVERSION = YES;
				CLANG_WARN_INFINITE_RECURSION = YES;
				CLANG_WARN_INT_CONVERSION = YES;
				CLANG_WARN_NON_LITERAL_NULL_CONVERSION = YES;
				CLANG_WARN_OBJC_IMPLICIT_RETAIN_SELF = YES;
				CLANG_WARN_OBJC_LITERAL_CONVERSION = YES;
				CLANG_WARN_OBJC_ROOT_CLASS = YES_ERROR;
				CLANG_WARN_QUOTED_INCLUDE_IN_FRAMEWORK_HEADER = YES;
				CLANG_WARN_RANGE_LOOP_ANALYSIS = YES;
				CLANG_WARN_STRICT_PROTOTYPES = YES;
				CLANG_WARN_SUSPICIOUS_MOVE = YES;
				CLANG_WARN_UNGUARDED_AVAILABILITY = YES_AGGRESSIVE;
				CLANG_WARN_UNREACHABLE_CODE = YES;
				CLANG_WARN__DUPLICATE_METHOD_MATCH = YES;
				COPY_PHASE_STRIP = NO;
				DEBUG_INFORMATION_FORMAT = dwarf;
				ENABLE_STRICT_OBJC_MSGSEND = YES;
				ENABLE_TESTABILITY = YES;
				ENABLE_USER_SCRIPT_SANDBOXING = YES;
				GCC_C_LANGUAGE_STANDARD = gnu17;
				GCC_DYNAMIC_NO_PIC = NO;
				GCC_NO_COMMON_BLOCKS = YES;
				GCC_OPTIMIZATION_LEVEL = 0;
				GCC_PREPROCESSOR_DEFINITIONS = (
					"DEBUG=1",
					"$(inherited)",
				);
				GCC_WARN_64_TO_32_BIT_CONVERSION = YES;
				GCC_WARN_ABOUT_RETURN_TYPE = YES_ERROR;
				GCC_WARN_UNDECLARED_SELECTOR = YES;
				GCC_WARN_UNINITIALIZED_AUTOS = YES_AGGRESSIVE;
				GCC_WARN_UNUSED_FUNCTION = YES;
				GCC_WARN_UNUSED_VARIABLE = YES;
				IPHONEOS_DEPLOYMENT_TARGET = 17.0;
				LOCALIZATION_PREFERS_STRING_CATALOGS = YES;
				MTL_ENABLE_DEBUG_INFO = INCLUDE_SOURCE;
				MTL_FAST_MATH = YES;
				ONLY_ACTIVE_ARCH = YES;
				SDKROOT = iphoneos;
				SWIFT_ACTIVE_COMPILATION_CONDITIONS = "DEBUG $(inherited)";
				SWIFT_OPTIMIZATION_LEVEL = "-Onone";
			};
			name = Debug;
		};
		6755FE682AE69E9500C5E0FD /* Release */ = {
			isa = XCBuildConfiguration;
			buildSettings = {
				ALWAYS_SEARCH_USER_PATHS = NO;
				ASSETCATALOG_COMPILER_GENERATE_SWIFT_ASSET_SYMBOL_EXTENSIONS = YES;
				CLANG_ANALYZER_NONNULL = YES;
				CLANG_ANALYZER_NUMBER_OBJECT_CONVERSION = YES_AGGRESSIVE;
				CLANG_CXX_LANGUAGE_STANDARD = "gnu++20";
				CLANG_ENABLE_MODULES = YES;
				CLANG_ENABLE_OBJC_ARC = YES;
				CLANG_ENABLE_OBJC_WEAK = YES;
				CLANG_WARN_BLOCK_CAPTURE_AUTORELEASING = YES;
				CLANG_WARN_BOOL_CONVERSION = YES;
				CLANG_WARN_COMMA = YES;
				CLANG_WARN_CONSTANT_CONVERSION = YES;
				CLANG_WARN_DEPRECATED_OBJC_IMPLEMENTATIONS = YES;
				CLANG_WARN_DIRECT_OBJC_ISA_USAGE = YES_ERROR;
				CLANG_WARN_DOCUMENTATION_COMMENTS = YES;
				CLANG_WARN_EMPTY_BODY = YES;
				CLANG_WARN_ENUM_CONVERSION = YES;
				CLANG_WARN_INFINITE_RECURSION = YES;
				CLANG_WARN_INT_CONVERSION = YES;
				CLANG_WARN_NON_LITERAL_NULL_CONVERSION = YES;
				CLANG_WARN_OBJC_IMPLICIT_RETAIN_SELF = YES;
				CLANG_WARN_OBJC_LITERAL_CONVERSION = YES;
				CLANG_WARN_OBJC_ROOT_CLASS = YES_ERROR;
				CLANG_WARN_QUOTED_INCLUDE_IN_FRAMEWORK_HEADER = YES;
				CLANG_WARN_RANGE_LOOP_ANALYSIS = YES;
				CLANG_WARN_STRICT_PROTOTYPES = YES;
				CLANG_WARN_SUSPICIOUS_MOVE = YES;
				CLANG_WARN_UNGUARDED_AVAILABILITY = YES_AGGRESSIVE;
				CLANG_WARN_UNREACHABLE_CODE = YES;
				CLANG_WARN__DUPLICATE_METHOD_MATCH = YES;
				COPY_PHASE_STRIP = NO;
				DEBUG_INFORMATION_FORMAT = "dwarf-with-dsym";
				ENABLE_NS_ASSERTIONS = NO;
				ENABLE_STRICT_OBJC_MSGSEND = YES;
				ENABLE_USER_SCRIPT_SANDBOXING = YES;
				GCC_C_LANGUAGE_STANDARD = gnu17;
				GCC_NO_COMMON_BLOCKS = YES;
				GCC_WARN_64_TO_32_BIT_CONVERSION = YES;
				GCC_WARN_ABOUT_RETURN_TYPE = YES_ERROR;
				GCC_WARN_UNDECLARED_SELECTOR = YES;
				GCC_WARN_UNINITIALIZED_AUTOS = YES_AGGRESSIVE;
				GCC_WARN_UNUSED_FUNCTION = YES;
				GCC_WARN_UNUSED_VARIABLE = YES;
				IPHONEOS_DEPLOYMENT_TARGET = 17.0;
				LOCALIZATION_PREFERS_STRING_CATALOGS = YES;
				MTL_ENABLE_DEBUG_INFO = NO;
				MTL_FAST_MATH = YES;
				SDKROOT = iphoneos;
				SWIFT_COMPILATION_MODE = wholemodule;
				VALIDATE_PRODUCT = YES;
			};
			name = Release;
		};
		6755FE6A2AE69E9500C5E0FD /* Debug */ = {
			isa = XCBuildConfiguration;
			buildSettings = {
				ASSETCATALOG_COMPILER_APPICON_NAME = AppIcon;
				ASSETCATALOG_COMPILER_GLOBAL_ACCENT_COLOR_NAME = AccentColor;
				CODE_SIGN_STYLE = Automatic;
				CURRENT_PROJECT_VERSION = 1;
				DEVELOPMENT_TEAM = KL8AR99MXQ;
				GENERATE_INFOPLIST_FILE = YES;
				INFOPLIST_FILE = Codigo_Test/Info.plist;
				INFOPLIST_KEY_UIApplicationSupportsIndirectInputEvents = YES;
				INFOPLIST_KEY_UILaunchStoryboardName = LaunchScreen;
				INFOPLIST_KEY_UIMainStoryboardFile = Main;
				INFOPLIST_KEY_UISupportedInterfaceOrientations_iPad = "UIInterfaceOrientationPortrait UIInterfaceOrientationPortraitUpsideDown UIInterfaceOrientationLandscapeLeft UIInterfaceOrientationLandscapeRight";
				INFOPLIST_KEY_UISupportedInterfaceOrientations_iPhone = "UIInterfaceOrientationPortrait UIInterfaceOrientationLandscapeLeft UIInterfaceOrientationLandscapeRight";
				LD_RUNPATH_SEARCH_PATHS = (
					"$(inherited)",
					"@executable_path/Frameworks",
				);
				MARKETING_VERSION = 1.0;
				PRODUCT_BUNDLE_IDENTIFIER = "com.kyh.Codigo-Test";
				PRODUCT_NAME = "$(TARGET_NAME)";
				SWIFT_EMIT_LOC_STRINGS = YES;
				SWIFT_VERSION = 5.0;
				TARGETED_DEVICE_FAMILY = "1,2";
			};
			name = Debug;
		};
		6755FE6B2AE69E9500C5E0FD /* Release */ = {
			isa = XCBuildConfiguration;
			buildSettings = {
				ASSETCATALOG_COMPILER_APPICON_NAME = AppIcon;
				ASSETCATALOG_COMPILER_GLOBAL_ACCENT_COLOR_NAME = AccentColor;
				CODE_SIGN_STYLE = Automatic;
				CURRENT_PROJECT_VERSION = 1;
				DEVELOPMENT_TEAM = KL8AR99MXQ;
				GENERATE_INFOPLIST_FILE = YES;
				INFOPLIST_FILE = Codigo_Test/Info.plist;
				INFOPLIST_KEY_UIApplicationSupportsIndirectInputEvents = YES;
				INFOPLIST_KEY_UILaunchStoryboardName = LaunchScreen;
				INFOPLIST_KEY_UIMainStoryboardFile = Main;
				INFOPLIST_KEY_UISupportedInterfaceOrientations_iPad = "UIInterfaceOrientationPortrait UIInterfaceOrientationPortraitUpsideDown UIInterfaceOrientationLandscapeLeft UIInterfaceOrientationLandscapeRight";
				INFOPLIST_KEY_UISupportedInterfaceOrientations_iPhone = "UIInterfaceOrientationPortrait UIInterfaceOrientationLandscapeLeft UIInterfaceOrientationLandscapeRight";
				LD_RUNPATH_SEARCH_PATHS = (
					"$(inherited)",
					"@executable_path/Frameworks",
				);
				MARKETING_VERSION = 1.0;
				PRODUCT_BUNDLE_IDENTIFIER = "com.kyh.Codigo-Test";
				PRODUCT_NAME = "$(TARGET_NAME)";
				SWIFT_EMIT_LOC_STRINGS = YES;
				SWIFT_VERSION = 5.0;
				TARGETED_DEVICE_FAMILY = "1,2";
			};
			name = Release;
		};
		6755FE6D2AE69E9500C5E0FD /* Debug */ = {
			isa = XCBuildConfiguration;
			buildSettings = {
				ALWAYS_EMBED_SWIFT_STANDARD_LIBRARIES = YES;
				BUNDLE_LOADER = "$(TEST_HOST)";
				CODE_SIGN_STYLE = Automatic;
				CURRENT_PROJECT_VERSION = 1;
				DEVELOPMENT_TEAM = KL8AR99MXQ;
				GENERATE_INFOPLIST_FILE = YES;
				IPHONEOS_DEPLOYMENT_TARGET = 17.0;
				MARKETING_VERSION = 1.0;
				PRODUCT_BUNDLE_IDENTIFIER = "com.kyh.Codigo-TestTests";
				PRODUCT_NAME = "$(TARGET_NAME)";
				SWIFT_EMIT_LOC_STRINGS = NO;
				SWIFT_VERSION = 5.0;
				TARGETED_DEVICE_FAMILY = "1,2";
				TEST_HOST = "$(BUILT_PRODUCTS_DIR)/Codigo_Test.app/$(BUNDLE_EXECUTABLE_FOLDER_PATH)/Codigo_Test";
			};
			name = Debug;
		};
		6755FE6E2AE69E9500C5E0FD /* Release */ = {
			isa = XCBuildConfiguration;
			buildSettings = {
				ALWAYS_EMBED_SWIFT_STANDARD_LIBRARIES = YES;
				BUNDLE_LOADER = "$(TEST_HOST)";
				CODE_SIGN_STYLE = Automatic;
				CURRENT_PROJECT_VERSION = 1;
				DEVELOPMENT_TEAM = KL8AR99MXQ;
				GENERATE_INFOPLIST_FILE = YES;
				IPHONEOS_DEPLOYMENT_TARGET = 17.0;
				MARKETING_VERSION = 1.0;
				PRODUCT_BUNDLE_IDENTIFIER = "com.kyh.Codigo-TestTests";
				PRODUCT_NAME = "$(TARGET_NAME)";
				SWIFT_EMIT_LOC_STRINGS = NO;
				SWIFT_VERSION = 5.0;
				TARGETED_DEVICE_FAMILY = "1,2";
				TEST_HOST = "$(BUILT_PRODUCTS_DIR)/Codigo_Test.app/$(BUNDLE_EXECUTABLE_FOLDER_PATH)/Codigo_Test";
			};
			name = Release;
		};
		6755FE702AE69E9500C5E0FD /* Debug */ = {
			isa = XCBuildConfiguration;
			buildSettings = {
				ALWAYS_EMBED_SWIFT_STANDARD_LIBRARIES = YES;
				CODE_SIGN_STYLE = Automatic;
				CURRENT_PROJECT_VERSION = 1;
				DEVELOPMENT_TEAM = KL8AR99MXQ;
				GENERATE_INFOPLIST_FILE = YES;
				MARKETING_VERSION = 1.0;
				PRODUCT_BUNDLE_IDENTIFIER = "com.kyh.Codigo-TestUITests";
				PRODUCT_NAME = "$(TARGET_NAME)";
				SWIFT_EMIT_LOC_STRINGS = NO;
				SWIFT_VERSION = 5.0;
				TARGETED_DEVICE_FAMILY = "1,2";
				TEST_TARGET_NAME = Codigo_Test;
			};
			name = Debug;
		};
		6755FE712AE69E9500C5E0FD /* Release */ = {
			isa = XCBuildConfiguration;
			buildSettings = {
				ALWAYS_EMBED_SWIFT_STANDARD_LIBRARIES = YES;
				CODE_SIGN_STYLE = Automatic;
				CURRENT_PROJECT_VERSION = 1;
				DEVELOPMENT_TEAM = KL8AR99MXQ;
				GENERATE_INFOPLIST_FILE = YES;
				MARKETING_VERSION = 1.0;
				PRODUCT_BUNDLE_IDENTIFIER = "com.kyh.Codigo-TestUITests";
				PRODUCT_NAME = "$(TARGET_NAME)";
				SWIFT_EMIT_LOC_STRINGS = NO;
				SWIFT_VERSION = 5.0;
				TARGETED_DEVICE_FAMILY = "1,2";
				TEST_TARGET_NAME = Codigo_Test;
			};
			name = Release;
		};
/* End XCBuildConfiguration section */

/* Begin XCConfigurationList section */
		6755FE3A2AE69E9200C5E0FD /* Build configuration list for PBXProject "Codigo_Test" */ = {
			isa = XCConfigurationList;
			buildConfigurations = (
				6755FE672AE69E9500C5E0FD /* Debug */,
				6755FE682AE69E9500C5E0FD /* Release */,
			);
			defaultConfigurationIsVisible = 0;
			defaultConfigurationName = Release;
		};
		6755FE692AE69E9500C5E0FD /* Build configuration list for PBXNativeTarget "Codigo_Test" */ = {
			isa = XCConfigurationList;
			buildConfigurations = (
				6755FE6A2AE69E9500C5E0FD /* Debug */,
				6755FE6B2AE69E9500C5E0FD /* Release */,
			);
			defaultConfigurationIsVisible = 0;
			defaultConfigurationName = Release;
		};
		6755FE6C2AE69E9500C5E0FD /* Build configuration list for PBXNativeTarget "Codigo_TestTests" */ = {
			isa = XCConfigurationList;
			buildConfigurations = (
				6755FE6D2AE69E9500C5E0FD /* Debug */,
				6755FE6E2AE69E9500C5E0FD /* Release */,
			);
			defaultConfigurationIsVisible = 0;
			defaultConfigurationName = Release;
		};
		6755FE6F2AE69E9500C5E0FD /* Build configuration list for PBXNativeTarget "Codigo_TestUITests" */ = {
			isa = XCConfigurationList;
			buildConfigurations = (
				6755FE702AE69E9500C5E0FD /* Debug */,
				6755FE712AE69E9500C5E0FD /* Release */,
			);
			defaultConfigurationIsVisible = 0;
			defaultConfigurationName = Release;
		};
/* End XCConfigurationList section */
	};
	rootObject = 6755FE372AE69E9200C5E0FD /* Project object */;
}
